
Microsoft Visual Studio Solution File, Format Version 12.00
# Visual Studio Version 17
VisualStudioVersion = 17.14.36616.10 d17.14
MinimumVisualStudioVersion = 10.0.40219.1
Project("{FAE04EC0-301F-11D3-BF4B-00C04F79EFBC}") = "Set 1 exercitiul 15", "Set 1 exercitiul 15\Set 1 exercitiul 15.csproj", "{40715DA5-F959-4A6C-969F-FF6D70F72097}"
EndProject
Global
	GlobalSection(SolutionConfigurationPlatforms) = preSolution
		Debug|Any CPU = Debug|Any CPU
		Release|Any CPU = Release|Any CPU
	EndGlobalSection
	GlobalSection(ProjectConfigurationPlatforms) = postSolution
		{40715DA5-F959-4A6C-969F-FF6D70F72097}.Debug|Any CPU.ActiveCfg = Debug|Any CPU
		{40715DA5-F959-4A6C-969F-FF6D70F72097}.Debug|Any CPU.Build.0 = Debug|Any CPU
		{40715DA5-F959-4A6C-969F-FF6D70F72097}.Release|Any CPU.ActiveCfg = Release|Any CPU
		{40715DA5-F959-4A6C-969F-FF6D70F72097}.Release|Any CPU.Build.0 = Release|Any CPU
	EndGlobalSection
	GlobalSection(SolutionProperties) = preSolution
		HideSolutionNode = FALSE
	EndGlobalSection
	GlobalSection(ExtensibilityGlobals) = postSolution
		SolutionGuid = {2B7031C5-EE2B-478E-A0CA-2F95AB09EC0F}
	EndGlobalSection
EndGlobal
