
Microsoft Visual Studio Solution File, Format Version 12.00
# Visual Studio Version 17
VisualStudioVersion = 17.14.36616.10 d17.14
MinimumVisualStudioVersion = 10.0.40219.1
Project("{FAE04EC0-301F-11D3-BF4B-00C04F79EFBC}") = "Set 1 exercitiul 13", "Set 1 exercitiul 13\Set 1 exercitiul 13.csproj", "{B540C5DD-6404-4E57-9EDF-77174E180F54}"
EndProject
Global
	GlobalSection(SolutionConfigurationPlatforms) = preSolution
		Debug|Any CPU = Debug|Any CPU
		Release|Any CPU = Release|Any CPU
	EndGlobalSection
	GlobalSection(ProjectConfigurationPlatforms) = postSolution
		{B540C5DD-6404-4E57-9EDF-77174E180F54}.Debug|Any CPU.ActiveCfg = Debug|Any CPU
		{B540C5DD-6404-4E57-9EDF-77174E180F54}.Debug|Any CPU.Build.0 = Debug|Any CPU
		{B540C5DD-6404-4E57-9EDF-77174E180F54}.Release|Any CPU.ActiveCfg = Release|Any CPU
		{B540C5DD-6404-4E57-9EDF-77174E180F54}.Release|Any CPU.Build.0 = Release|Any CPU
	EndGlobalSection
	GlobalSection(SolutionProperties) = preSolution
		HideSolutionNode = FALSE
	EndGlobalSection
	GlobalSection(ExtensibilityGlobals) = postSolution
		SolutionGuid = {C3AA4927-C97D-4B0A-9357-5D46A76B1ACE}
	EndGlobalSection
EndGlobal
