
Microsoft Visual Studio Solution File, Format Version 12.00
# Visual Studio Version 17
VisualStudioVersion = 17.14.36616.10 d17.14
MinimumVisualStudioVersion = 10.0.40219.1
Project("{FAE04EC0-301F-11D3-BF4B-00C04F79EFBC}") = "Set 1 exercitiul 9", "Set 1 exercitiul 9\Set 1 exercitiul 9.csproj", "{EFDE44A4-4622-4F7F-BB33-D5EC541B36BF}"
EndProject
Global
	GlobalSection(SolutionConfigurationPlatforms) = preSolution
		Debug|Any CPU = Debug|Any CPU
		Release|Any CPU = Release|Any CPU
	EndGlobalSection
	GlobalSection(ProjectConfigurationPlatforms) = postSolution
		{EFDE44A4-4622-4F7F-BB33-D5EC541B36BF}.Debug|Any CPU.ActiveCfg = Debug|Any CPU
		{EFDE44A4-4622-4F7F-BB33-D5EC541B36BF}.Debug|Any CPU.Build.0 = Debug|Any CPU
		{EFDE44A4-4622-4F7F-BB33-D5EC541B36BF}.Release|Any CPU.ActiveCfg = Release|Any CPU
		{EFDE44A4-4622-4F7F-BB33-D5EC541B36BF}.Release|Any CPU.Build.0 = Release|Any CPU
	EndGlobalSection
	GlobalSection(SolutionProperties) = preSolution
		HideSolutionNode = FALSE
	EndGlobalSection
	GlobalSection(ExtensibilityGlobals) = postSolution
		SolutionGuid = {E62EF214-2F3E-43F4-A96E-30C910C4EB75}
	EndGlobalSection
EndGlobal
